
Microsoft Visual Studio Solution File, Format Version 12.00
# Visual Studio Version 17
VisualStudioVersion = 17.14.36301.6
MinimumVisualStudioVersion = 10.0.40219.1
Project("{FAE04EC0-301F-11D3-BF4B-00C04F79EFBC}") = "WebApi", "WebApi\WebApi.csproj", "{57DBD98C-9684-4D22-875D-9AE2951858FF}"
EndProject
Project("{FAE04EC0-301F-11D3-BF4B-00C04F79EFBC}") = "Common", "Common\Common.csproj", "{54EE1FF2-C74F-4BA6-AD05-6440A498D59B}"
EndProject
Project("{FAE04EC0-301F-11D3-BF4B-00C04F79EFBC}") = "Application", "Application\Application.csproj", "{2EBFD2F7-F065-464A-87FC-BE3756A99666}"
EndProject
Project("{FAE04EC0-301F-11D3-BF4B-00C04F79EFBC}") = "Infrastructure", "Infrastructure\Infrastructure.csproj", "{536B9711-F086-4BDA-9791-A07DA3C5EDA5}"
EndProject
Project("{FAE04EC0-301F-11D3-BF4B-00C04F79EFBC}") = "Domain", "Domain\Domain.csproj", "{50E28E54-3AAF-40AB-9A5F-A618E71C062F}"
EndProject
Global
	GlobalSection(SolutionConfigurationPlatforms) = preSolution
		Debug|Any CPU = Debug|Any CPU
		Release|Any CPU = Release|Any CPU
	EndGlobalSection
	GlobalSection(ProjectConfigurationPlatforms) = postSolution
		{57DBD98C-9684-4D22-875D-9AE2951858FF}.Debug|Any CPU.ActiveCfg = Debug|Any CPU
		{57DBD98C-9684-4D22-875D-9AE2951858FF}.Debug|Any CPU.Build.0 = Debug|Any CPU
		{57DBD98C-9684-4D22-875D-9AE2951858FF}.Release|Any CPU.ActiveCfg = Release|Any CPU
		{57DBD98C-9684-4D22-875D-9AE2951858FF}.Release|Any CPU.Build.0 = Release|Any CPU
		{54EE1FF2-C74F-4BA6-AD05-6440A498D59B}.Debug|Any CPU.ActiveCfg = Debug|Any CPU
		{54EE1FF2-C74F-4BA6-AD05-6440A498D59B}.Debug|Any CPU.Build.0 = Debug|Any CPU
		{54EE1FF2-C74F-4BA6-AD05-6440A498D59B}.Release|Any CPU.ActiveCfg = Release|Any CPU
		{54EE1FF2-C74F-4BA6-AD05-6440A498D59B}.Release|Any CPU.Build.0 = Release|Any CPU
		{2EBFD2F7-F065-464A-87FC-BE3756A99666}.Debug|Any CPU.ActiveCfg = Debug|Any CPU
		{2EBFD2F7-F065-464A-87FC-BE3756A99666}.Debug|Any CPU.Build.0 = Debug|Any CPU
		{2EBFD2F7-F065-464A-87FC-BE3756A99666}.Release|Any CPU.ActiveCfg = Release|Any CPU
		{2EBFD2F7-F065-464A-87FC-BE3756A99666}.Release|Any CPU.Build.0 = Release|Any CPU
		{536B9711-F086-4BDA-9791-A07DA3C5EDA5}.Debug|Any CPU.ActiveCfg = Debug|Any CPU
		{536B9711-F086-4BDA-9791-A07DA3C5EDA5}.Debug|Any CPU.Build.0 = Debug|Any CPU
		{536B9711-F086-4BDA-9791-A07DA3C5EDA5}.Release|Any CPU.ActiveCfg = Release|Any CPU
		{536B9711-F086-4BDA-9791-A07DA3C5EDA5}.Release|Any CPU.Build.0 = Release|Any CPU
		{50E28E54-3AAF-40AB-9A5F-A618E71C062F}.Debug|Any CPU.ActiveCfg = Debug|Any CPU
		{50E28E54-3AAF-40AB-9A5F-A618E71C062F}.Debug|Any CPU.Build.0 = Debug|Any CPU
		{50E28E54-3AAF-40AB-9A5F-A618E71C062F}.Release|Any CPU.ActiveCfg = Release|Any CPU
		{50E28E54-3AAF-40AB-9A5F-A618E71C062F}.Release|Any CPU.Build.0 = Release|Any CPU
	EndGlobalSection
	GlobalSection(SolutionProperties) = preSolution
		HideSolutionNode = FALSE
	EndGlobalSection
	GlobalSection(ExtensibilityGlobals) = postSolution
		SolutionGuid = {40F7C740-37A2-4490-9981-547FA3AA1245}
	EndGlobalSection
EndGlobal
