
Microsoft Visual Studio Solution File, Format Version 12.00
# Visual Studio Version 17
VisualStudioVersion = 17.12.35707.178
MinimumVisualStudioVersion = 10.0.40219.1
Project("{FAE04EC0-301F-11D3-BF4B-00C04F79EFBC}") = "Presentation", "Presentation\Presentation.csproj", "{A72F6ABA-F139-4A69-B049-5E92D5A2302E}"
EndProject
Project("{FAE04EC0-301F-11D3-BF4B-00C04F79EFBC}") = "Domain", "Domain\Domain.csproj", "{48CB6176-8EFA-4D11-825E-197898A92D03}"
EndProject
Project("{FAE04EC0-301F-11D3-BF4B-00C04F79EFBC}") = "Application", "Application\Application.csproj", "{3A869A32-7E10-431A-A39D-F164570E94D3}"
EndProject
Project("{FAE04EC0-301F-11D3-BF4B-00C04F79EFBC}") = "Infrastructure", "Infrastructure\Infrastructure.csproj", "{E658BD5A-68D6-4403-9F7E-4463D9C26440}"
EndProject
Project("{FAE04EC0-301F-11D3-BF4B-00C04F79EFBC}") = "Common", "Common\Common.csproj", "{015B47CB-03A2-4041-B613-FA7F4922115D}"
EndProject
Global
	GlobalSection(SolutionConfigurationPlatforms) = preSolution
		Debug|Any CPU = Debug|Any CPU
		Release|Any CPU = Release|Any CPU
	EndGlobalSection
	GlobalSection(ProjectConfigurationPlatforms) = postSolution
		{A72F6ABA-F139-4A69-B049-5E92D5A2302E}.Debug|Any CPU.ActiveCfg = Debug|Any CPU
		{A72F6ABA-F139-4A69-B049-5E92D5A2302E}.Debug|Any CPU.Build.0 = Debug|Any CPU
		{A72F6ABA-F139-4A69-B049-5E92D5A2302E}.Release|Any CPU.ActiveCfg = Release|Any CPU
		{A72F6ABA-F139-4A69-B049-5E92D5A2302E}.Release|Any CPU.Build.0 = Release|Any CPU
		{48CB6176-8EFA-4D11-825E-197898A92D03}.Debug|Any CPU.ActiveCfg = Debug|Any CPU
		{48CB6176-8EFA-4D11-825E-197898A92D03}.Debug|Any CPU.Build.0 = Debug|Any CPU
		{48CB6176-8EFA-4D11-825E-197898A92D03}.Release|Any CPU.ActiveCfg = Release|Any CPU
		{48CB6176-8EFA-4D11-825E-197898A92D03}.Release|Any CPU.Build.0 = Release|Any CPU
		{3A869A32-7E10-431A-A39D-F164570E94D3}.Debug|Any CPU.ActiveCfg = Debug|Any CPU
		{3A869A32-7E10-431A-A39D-F164570E94D3}.Debug|Any CPU.Build.0 = Debug|Any CPU
		{3A869A32-7E10-431A-A39D-F164570E94D3}.Release|Any CPU.ActiveCfg = Release|Any CPU
		{3A869A32-7E10-431A-A39D-F164570E94D3}.Release|Any CPU.Build.0 = Release|Any CPU
		{E658BD5A-68D6-4403-9F7E-4463D9C26440}.Debug|Any CPU.ActiveCfg = Debug|Any CPU
		{E658BD5A-68D6-4403-9F7E-4463D9C26440}.Debug|Any CPU.Build.0 = Debug|Any CPU
		{E658BD5A-68D6-4403-9F7E-4463D9C26440}.Release|Any CPU.ActiveCfg = Release|Any CPU
		{E658BD5A-68D6-4403-9F7E-4463D9C26440}.Release|Any CPU.Build.0 = Release|Any CPU
		{015B47CB-03A2-4041-B613-FA7F4922115D}.Debug|Any CPU.ActiveCfg = Debug|Any CPU
		{015B47CB-03A2-4041-B613-FA7F4922115D}.Debug|Any CPU.Build.0 = Debug|Any CPU
		{015B47CB-03A2-4041-B613-FA7F4922115D}.Release|Any CPU.ActiveCfg = Release|Any CPU
		{015B47CB-03A2-4041-B613-FA7F4922115D}.Release|Any CPU.Build.0 = Release|Any CPU
	EndGlobalSection
	GlobalSection(SolutionProperties) = preSolution
		HideSolutionNode = FALSE
	EndGlobalSection
	GlobalSection(ExtensibilityGlobals) = postSolution
		SolutionGuid = {CC6E1DF0-C8BF-4472-9E1B-22910CB800D1}
	EndGlobalSection
EndGlobal
